
Microsoft Visual Studio Solution File, Format Version 12.00
# Visual Studio Version 17
VisualStudioVersion = 17.7.34031.279
MinimumVisualStudioVersion = 10.0.40219.1
Project("{FAE04EC0-301F-11D3-BF4B-00C04F79EFBC}") = "DndSheet", "DndSheet.csproj", "{368A2274-4053-4511-AF83-7F918A1A33CB}"
EndProject
Global
	GlobalSection(SolutionConfigurationPlatforms) = preSolution
		Debug|Any CPU = Debug|Any CPU
		Release|Any CPU = Release|Any CPU
	EndGlobalSection
	GlobalSection(ProjectConfigurationPlatforms) = postSolution
		{368A2274-4053-4511-AF83-7F918A1A33CB}.Debug|Any CPU.ActiveCfg = Debug|Any CPU
		{368A2274-4053-4511-AF83-7F918A1A33CB}.Debug|Any CPU.Build.0 = Debug|Any CPU
		{368A2274-4053-4511-AF83-7F918A1A33CB}.Release|Any CPU.ActiveCfg = Release|Any CPU
		{368A2274-4053-4511-AF83-7F918A1A33CB}.Release|Any CPU.Build.0 = Release|Any CPU
	EndGlobalSection
	GlobalSection(SolutionProperties) = preSolution
		HideSolutionNode = FALSE
	EndGlobalSection
	GlobalSection(ExtensibilityGlobals) = postSolution
		SolutionGuid = {840B46EE-1A20-4402-999A-D637963546A3}
	EndGlobalSection
EndGlobal
